{
    "_readme": [
        "This file locks the dependencies of your project to a known state",
        "Read more about it at https://getcomposer.org/doc/01-basic-usage.md#composer-lock-the-lock-file",
        "This file is @generated automatically"
    ],
    "hash": "94b28ee91cfd9c96553f7159b50435b3",
    "content-hash": "1382042e96e62379d31addda676cbd9f",
    "packages": [
        {
            "name": "mhor/php-mediainfo",
            "version": "2.2.2",
            "source": {
                "type": "git",
                "url": "https://github.com/mhor/php-mediainfo.git",
                "reference": "4f8f9534213f558d4bdfcc7177d665d4542a7550"
            },
            "dist": {
                "type": "zip",
                "url": "https://api.github.com/repos/mhor/php-mediainfo/zipball/4f8f9534213f558d4bdfcc7177d665d4542a7550",
                "reference": "4f8f9534213f558d4bdfcc7177d665d4542a7550",
                "shasum": ""
            },
            "require": {
                "php": ">=5.4.0",
                "symfony/filesystem": "~2.3|~3.0",
                "symfony/process": "~2.3|~3.0"
            },
            "require-dev": {
                "phpunit/phpunit": "~4.0"
            },
            "type": "library",
            "extra": {
                "branch-alias": {
                    "dev-master": "3.0.x-dev"
                }
            },
            "autoload": {
                "psr-4": {
                    "Mhor\\MediaInfo\\": "src/"
                }
            },
            "notification-url": "https://packagist.org/downloads/",
            "license": [
                "MIT"
            ],
            "authors": [
                {
                    "name": "mhor",
                    "email": "maxime.horcholle@gmail.com"
                }
            ],
            "description": "PHP wrapper around the mediainfo command",
            "time": "2016-09-04 09:35:12"
        },
        {
            "name": "pwrtelegram/telegram-cli-client",
            "version": "0.5",
            "source": {
                "type": "git",
                "url": "https://github.com/pwrtelegram/php-telegram-cli-client.git",
                "reference": "5862152ff8cf5448d679b5368ca76e6fb106c1e4"
            },
            "dist": {
                "type": "zip",
                "url": "https://api.github.com/repos/pwrtelegram/php-telegram-cli-client/zipball/5862152ff8cf5448d679b5368ca76e6fb106c1e4",
                "reference": "5862152ff8cf5448d679b5368ca76e6fb106c1e4",
                "shasum": ""
            },
            "require": {
                "php": ">=5.3.0"
            },
            "require-dev": {
                "zyberspace/discovery-shell": "dev-master"
            },
            "type": "library",
            "autoload": {
                "psr-0": {
                    "Zyberspace\\Telegram\\Cli\\": "lib/"
                }
            },
            "notification-url": "https://packagist.org/downloads/",
            "license": [
                "MPL-2.0"
            ],
            "authors": [
                {
                    "name": "zyberspace",
                    "email": "zyberspace@zyberware.org"
                },
                {
                    "name": "Daniil Gentili",
                    "email": "daniil@daniil.it"
                }
            ],
            "description": "Modified version php-client for telegram-cli used by the PWRTelegram bot API",
            "homepage": "https://github.com/pwrtelegram/php-telegram-cli-client",
            "time": "2016-09-05 07:43:29"
        },
        {
            "name": "symfony/filesystem",
            "version": "v3.1.4",
            "source": {
                "type": "git",
                "url": "https://github.com/symfony/filesystem.git",
                "reference": "bb29adceb552d202b6416ede373529338136e84f"
            },
            "dist": {
                "type": "zip",
                "url": "https://api.github.com/repos/symfony/filesystem/zipball/bb29adceb552d202b6416ede373529338136e84f",
                "reference": "bb29adceb552d202b6416ede373529338136e84f",
                "shasum": ""
            },
            "require": {
                "php": ">=5.5.9"
            },
            "type": "library",
            "extra": {
                "branch-alias": {
                    "dev-master": "3.1-dev"
                }
            },
            "autoload": {
                "psr-4": {
                    "Symfony\\Component\\Filesystem\\": ""
                },
                "exclude-from-classmap": [
                    "/Tests/"
                ]
            },
            "notification-url": "https://packagist.org/downloads/",
            "license": [
                "MIT"
            ],
            "authors": [
                {
                    "name": "Fabien Potencier",
                    "email": "fabien@symfony.com"
                },
                {
                    "name": "Symfony Community",
                    "homepage": "https://symfony.com/contributors"
                }
            ],
            "description": "Symfony Filesystem Component",
            "homepage": "https://symfony.com",
            "time": "2016-07-20 05:44:26"
        },
        {
            "name": "symfony/process",
            "version": "v3.1.4",
            "source": {
                "type": "git",
                "url": "https://github.com/symfony/process.git",
                "reference": "e64e93041c80e77197ace5ab9385dedb5a143697"
            },
            "dist": {
                "type": "zip",
                "url": "https://api.github.com/repos/symfony/process/zipball/e64e93041c80e77197ace5ab9385dedb5a143697",
                "reference": "e64e93041c80e77197ace5ab9385dedb5a143697",
                "shasum": ""
            },
            "require": {
                "php": ">=5.5.9"
            },
            "type": "library",
            "extra": {
                "branch-alias": {
                    "dev-master": "3.1-dev"
                }
            },
            "autoload": {
                "psr-4": {
                    "Symfony\\Component\\Process\\": ""
                },
                "exclude-from-classmap": [
                    "/Tests/"
                ]
            },
            "notification-url": "https://packagist.org/downloads/",
            "license": [
                "MIT"
            ],
            "authors": [
                {
                    "name": "Fabien Potencier",
                    "email": "fabien@symfony.com"
                },
                {
                    "name": "Symfony Community",
                    "homepage": "https://symfony.com/contributors"
                }
            ],
            "description": "Symfony Process Component",
            "homepage": "https://symfony.com",
            "time": "2016-08-16 14:58:24"
        }
    ],
    "packages-dev": [],
    "aliases": [],
    "minimum-stability": "stable",
    "stability-flags": [],
    "prefer-stable": false,
    "prefer-lowest": false,
    "platform": [],
    "platform-dev": []
}
