{
    "_readme": [
        "This file locks the dependencies of your project to a known state",
        "Read more about it at https://getcomposer.org/doc/01-basic-usage.md#composer-lock-the-lock-file",
        "This file is @generated automatically"
    ],
    "hash": "edca84370878a194a81f2b85d7e69540",
    "content-hash": "ef8f0c137f8dca28db1c0d3ffd18faf6",
    "packages": [
        {
            "name": "mhor/php-mediainfo",
            "version": "2.2.0",
            "source": {
                "type": "git",
                "url": "https://github.com/mhor/php-mediainfo.git",
                "reference": "d39ab01046cd3bb355468e1f87c0a0cee6ccaf80"
            },
            "dist": {
                "type": "zip",
                "url": "https://api.github.com/repos/mhor/php-mediainfo/zipball/d39ab01046cd3bb355468e1f87c0a0cee6ccaf80",
                "reference": "d39ab01046cd3bb355468e1f87c0a0cee6ccaf80",
                "shasum": ""
            },
            "require": {
                "php": ">=5.4.0",
                "symfony/filesystem": "~2.3|~3.0",
                "symfony/process": "~2.3|~3.0"
            },
            "require-dev": {
                "phpunit/phpunit": "~4.0"
            },
            "type": "library",
            "extra": {
                "branch-alias": {
                    "dev-master": "3.0.x-dev"
                }
            },
            "autoload": {
                "psr-4": {
                    "Mhor\\MediaInfo\\": "src/"
                }
            },
            "notification-url": "https://packagist.org/downloads/",
            "license": [
                "MIT"
            ],
            "authors": [
                {
                    "name": "mhor",
                    "email": "maxime.horcholle@gmail.com"
                }
            ],
            "description": "PHP wrapper around the mediainfo command",
            "time": "2016-05-22 11:16:17"
        },
        {
            "name": "symfony/filesystem",
            "version": "v3.1.0",
            "source": {
                "type": "git",
                "url": "https://github.com/symfony/filesystem.git",
                "reference": "5751e80d6f94b7c018f338a4a7be0b700d6f3058"
            },
            "dist": {
                "type": "zip",
                "url": "https://api.github.com/repos/symfony/filesystem/zipball/5751e80d6f94b7c018f338a4a7be0b700d6f3058",
                "reference": "5751e80d6f94b7c018f338a4a7be0b700d6f3058",
                "shasum": ""
            },
            "require": {
                "php": ">=5.5.9"
            },
            "type": "library",
            "extra": {
                "branch-alias": {
                    "dev-master": "3.1-dev"
                }
            },
            "autoload": {
                "psr-4": {
                    "Symfony\\Component\\Filesystem\\": ""
                },
                "exclude-from-classmap": [
                    "/Tests/"
                ]
            },
            "notification-url": "https://packagist.org/downloads/",
            "license": [
                "MIT"
            ],
            "authors": [
                {
                    "name": "Fabien Potencier",
                    "email": "fabien@symfony.com"
                },
                {
                    "name": "Symfony Community",
                    "homepage": "https://symfony.com/contributors"
                }
            ],
            "description": "Symfony Filesystem Component",
            "homepage": "https://symfony.com",
            "time": "2016-04-12 18:27:47"
        },
        {
            "name": "symfony/process",
            "version": "v3.1.0",
            "source": {
                "type": "git",
                "url": "https://github.com/symfony/process.git",
                "reference": "1574f3451b40fa9bbae518ef71d19a56f409cac0"
            },
            "dist": {
                "type": "zip",
                "url": "https://api.github.com/repos/symfony/process/zipball/1574f3451b40fa9bbae518ef71d19a56f409cac0",
                "reference": "1574f3451b40fa9bbae518ef71d19a56f409cac0",
                "shasum": ""
            },
            "require": {
                "php": ">=5.5.9"
            },
            "type": "library",
            "extra": {
                "branch-alias": {
                    "dev-master": "3.1-dev"
                }
            },
            "autoload": {
                "psr-4": {
                    "Symfony\\Component\\Process\\": ""
                },
                "exclude-from-classmap": [
                    "/Tests/"
                ]
            },
            "notification-url": "https://packagist.org/downloads/",
            "license": [
                "MIT"
            ],
            "authors": [
                {
                    "name": "Fabien Potencier",
                    "email": "fabien@symfony.com"
                },
                {
                    "name": "Symfony Community",
                    "homepage": "https://symfony.com/contributors"
                }
            ],
            "description": "Symfony Process Component",
            "homepage": "https://symfony.com",
            "time": "2016-04-12 19:11:33"
        },
        {
            "name": "zyberspace/telegram-cli-client",
            "version": "v0.4.1",
            "source": {
                "type": "git",
                "url": "https://github.com/zyberspace/php-telegram-cli-client.git",
                "reference": "59a9d3225af86614549559009d8044523fe0443b"
            },
            "dist": {
                "type": "zip",
                "url": "https://api.github.com/repos/zyberspace/php-telegram-cli-client/zipball/59a9d3225af86614549559009d8044523fe0443b",
                "reference": "59a9d3225af86614549559009d8044523fe0443b",
                "shasum": ""
            },
            "require": {
                "php": ">=5.3.0,<6.0.0"
            },
            "require-dev": {
                "zyberspace/discovery-shell": "dev-master"
            },
            "type": "library",
            "autoload": {
                "psr-0": {
                    "Zyberspace\\Telegram\\Cli\\": "lib/"
                }
            },
            "notification-url": "https://packagist.org/downloads/",
            "license": [
                "MPL-2.0"
            ],
            "authors": [
                {
                    "name": "zyberspace",
                    "email": "zyberspace@zyberware.org"
                }
            ],
            "description": "php-client for telegram-cli",
            "homepage": "https://github.com/zyberspace/php-telegram-cli-client",
            "abandoned": "irazasyed/telegram-bot-sdk",
            "time": "2015-12-23 18:44:34"
        }
    ],
    "packages-dev": [],
    "aliases": [],
    "minimum-stability": "stable",
    "stability-flags": [],
    "prefer-stable": false,
    "prefer-lowest": false,
    "platform": [],
    "platform-dev": []
}
